
Microsoft Visual Studio Solution File, Format Version 12.00
# Visual Studio Version 17
VisualStudioVersion = 17.3.32819.101
MinimumVisualStudioVersion = 10.0.40219.1
Project("{FAE04EC0-301F-11D3-BF4B-00C04F79EFBC}") = "BarChart", "BarChart\BarChart.csproj", "{1B38B5E1-13BA-421D-9952-D51ED2ED138E}"
EndProject
Global
	GlobalSection(SolutionConfigurationPlatforms) = preSolution
		Debug|Any CPU = Debug|Any CPU
		Release|Any CPU = Release|Any CPU
	EndGlobalSection
	GlobalSection(ProjectConfigurationPlatforms) = postSolution
		{1B38B5E1-13BA-421D-9952-D51ED2ED138E}.Debug|Any CPU.ActiveCfg = Debug|Any CPU
		{1B38B5E1-13BA-421D-9952-D51ED2ED138E}.Debug|Any CPU.Build.0 = Debug|Any CPU
		{1B38B5E1-13BA-421D-9952-D51ED2ED138E}.Release|Any CPU.ActiveCfg = Release|Any CPU
		{1B38B5E1-13BA-421D-9952-D51ED2ED138E}.Release|Any CPU.Build.0 = Release|Any CPU
	EndGlobalSection
	GlobalSection(SolutionProperties) = preSolution
		HideSolutionNode = FALSE
	EndGlobalSection
	GlobalSection(ExtensibilityGlobals) = postSolution
		SolutionGuid = {7282FF13-0D84-450F-A067-A5784B50445A}
	EndGlobalSection
EndGlobal
